
Microsoft Visual Studio Solution File, Format Version 12.00
# Visual Studio Version 17
VisualStudioVersion = 17.1.32210.238
MinimumVisualStudioVersion = 10.0.40219.1
Project("{9A19103F-16F7-4668-BE54-9A1E7A4F7556}") = "AutoVDesktop", "AutoVDesktop.csproj", "{A010FD17-FE23-4DDE-802B-B44DB5B64289}"
EndProject
Project("{2150E333-8FDC-42A3-9474-1A3956D46DE8}") = "Solution Items", "Solution Items", "{5C1FFEB6-5115-4A5B-9307-8BE9B8B0814D}"
	ProjectSection(SolutionItems) = preProject
		.editorconfig = .editorconfig
	EndProjectSection
EndProject
Global
	GlobalSection(SolutionConfigurationPlatforms) = preSolution
		Debug|Any CPU = Debug|Any CPU
		Debug|x64 = Debug|x64
		Release|Any CPU = Release|Any CPU
		Release|x64 = Release|x64
	EndGlobalSection
	GlobalSection(ProjectConfigurationPlatforms) = postSolution
		{A010FD17-FE23-4DDE-802B-B44DB5B64289}.Debug|Any CPU.ActiveCfg = Debug|Any CPU
		{A010FD17-FE23-4DDE-802B-B44DB5B64289}.Debug|Any CPU.Build.0 = Debug|Any CPU
		{A010FD17-FE23-4DDE-802B-B44DB5B64289}.Debug|x64.ActiveCfg = Debug|x64
		{A010FD17-FE23-4DDE-802B-B44DB5B64289}.Debug|x64.Build.0 = Debug|x64
		{A010FD17-FE23-4DDE-802B-B44DB5B64289}.Release|Any CPU.ActiveCfg = Release|Any CPU
		{A010FD17-FE23-4DDE-802B-B44DB5B64289}.Release|Any CPU.Build.0 = Release|Any CPU
		{A010FD17-FE23-4DDE-802B-B44DB5B64289}.Release|x64.ActiveCfg = Release|x64
		{A010FD17-FE23-4DDE-802B-B44DB5B64289}.Release|x64.Build.0 = Release|x64
	EndGlobalSection
	GlobalSection(SolutionProperties) = preSolution
		HideSolutionNode = FALSE
	EndGlobalSection
	GlobalSection(ExtensibilityGlobals) = postSolution
		SolutionGuid = {0D322462-A3CF-4190-8107-65E0587725B8}
	EndGlobalSection
EndGlobal
